
Microsoft Visual Studio Solution File, Format Version 12.00
# Visual Studio Version 17
VisualStudioVersion = 17.3.32929.385
MinimumVisualStudioVersion = 10.0.40219.1
Project("{9A19103F-16F7-4668-BE54-9A1E7A4F7556}") = "PlanetWeight", "PlanetWeight\PlanetWeight.csproj", "{D419CE8C-F803-4F4C-9F3B-8126503F0799}"
EndProject
Project("{FAE04EC0-301F-11D3-BF4B-00C04F79EFBC}") = "PlanetWeightTests", "PlanetWeightTests\PlanetWeightTests.csproj", "{BEEF7C3B-6511-4C53-B59E-3B6078B22C9D}"
EndProject
Global
	GlobalSection(SolutionConfigurationPlatforms) = preSolution
		Debug|Any CPU = Debug|Any CPU
		Release|Any CPU = Release|Any CPU
	EndGlobalSection
	GlobalSection(ProjectConfigurationPlatforms) = postSolution
		{D419CE8C-F803-4F4C-9F3B-8126503F0799}.Debug|Any CPU.ActiveCfg = Debug|Any CPU
		{D419CE8C-F803-4F4C-9F3B-8126503F0799}.Debug|Any CPU.Build.0 = Debug|Any CPU
		{D419CE8C-F803-4F4C-9F3B-8126503F0799}.Release|Any CPU.ActiveCfg = Release|Any CPU
		{D419CE8C-F803-4F4C-9F3B-8126503F0799}.Release|Any CPU.Build.0 = Release|Any CPU
		{BEEF7C3B-6511-4C53-B59E-3B6078B22C9D}.Debug|Any CPU.ActiveCfg = Debug|Any CPU
		{BEEF7C3B-6511-4C53-B59E-3B6078B22C9D}.Debug|Any CPU.Build.0 = Debug|Any CPU
		{BEEF7C3B-6511-4C53-B59E-3B6078B22C9D}.Release|Any CPU.ActiveCfg = Release|Any CPU
		{BEEF7C3B-6511-4C53-B59E-3B6078B22C9D}.Release|Any CPU.Build.0 = Release|Any CPU
	EndGlobalSection
	GlobalSection(SolutionProperties) = preSolution
		HideSolutionNode = FALSE
	EndGlobalSection
	GlobalSection(ExtensibilityGlobals) = postSolution
		SolutionGuid = {E772DC34-85E5-476A-A1C1-B3093EF6A86E}
	EndGlobalSection
EndGlobal
